// !$*UTF8*$!
{
	archiveVersion = 1;
	classes = {
	};
	objectVersion = 77;
	objects = {

/* Begin PBXBuildFile section */
		09929F2A48E5811F1CE58DE5 /* StockPetApp.swift in Sources */ = {isa = PBXBuildFile; fileRef = 83F5CCCE8736F7199FAD9B5E /* StockPetApp.swift */; };
		0B631D1A21FB811752B03BB1 /* StockStore.swift in Sources */ = {isa = PBXBuildFile; fileRef = 643CC492EC969812FD112505 /* StockStore.swift */; };
		0F5BD1129F006C6C6AEEF66B /* MascotAlertView.swift in Sources */ = {isa = PBXBuildFile; fileRef = 42DD66D82AA68E5D9EC4A058 /* MascotAlertView.swift */; };
		1FBF3F771EBFD225188C490B /* StockModels.swift in Sources */ = {isa = PBXBuildFile; fileRef = 85FEAAF6B2924B4261419804 /* StockModels.swift */; };
		2FB8C424A27402978773D729 /* GlobalHotKeyController.swift in Sources */ = {isa = PBXBuildFile; fileRef = B1EE4D069413303C0D0944C1 /* GlobalHotKeyController.swift */; };
		652C7193EE90D4D4DBAA840D /* FloatingPetView.swift in Sources */ = {isa = PBXBuildFile; fileRef = D023907729A86A626525A005 /* FloatingPetView.swift */; };
		7F733F6EE5DD2DF7DE6EC1E5 /* SettingsView.swift in Sources */ = {isa = PBXBuildFile; fileRef = 42C7B2E12C206317F13E33AB /* SettingsView.swift */; };
		823A84688E637D9EB75F73FD /* StockPetTests.swift in Sources */ = {isa = PBXBuildFile; fileRef = CCFEA7E0FF66798B70C4756D /* StockPetTests.swift */; };
		8A550FA39E6E074F0465E0A3 /* WindowConfigurator.swift in Sources */ = {isa = PBXBuildFile; fileRef = FEE91BAA216640B55B058D80 /* WindowConfigurator.swift */; };
		8CE722319ED89A59D7B785B4 /* StockRowView.swift in Sources */ = {isa = PBXBuildFile; fileRef = 387D1719C7550FDF7A326367 /* StockRowView.swift */; };
		AA075524EDFEB9532289BA44 /* bull-moo.wav in Resources */ = {isa = PBXBuildFile; fileRef = A1124137716B1A76226A5891 /* bull-moo.wav */; };
		ABC2DC299365DB3DDADF33D0 /* Assets.xcassets in Resources */ = {isa = PBXBuildFile; fileRef = 4969C92FC959B479C72836FC /* Assets.xcassets */; };
		C0F466A0FCD7468B31139CAB /* README.md in Resources */ = {isa = PBXBuildFile; fileRef = B7251931FC200100A7DC8611 /* README.md */; };
		C46998FC2DD00ABE3BEA9F35 /* bear-growl.wav in Resources */ = {isa = PBXBuildFile; fileRef = 27DCF7E08C464A0588B99499 /* bear-growl.wav */; };
		D982A70987A81016114C6540 /* QuoteService.swift in Sources */ = {isa = PBXBuildFile; fileRef = 0B03DEF58EB797856C58357E /* QuoteService.swift */; };
		EEE3A6002562F31675FBE5AD /* L10n.swift in Sources */ = {isa = PBXBuildFile; fileRef = 4669FABCC327162CF506FD8B /* L10n.swift */; };
/* End PBXBuildFile section */

/* Begin PBXContainerItemProxy section */
		2177C262A4F264D78262A289 /* PBXContainerItemProxy */ = {
			isa = PBXContainerItemProxy;
			containerPortal = 1FBC4EFD17FBC082D81CF501 /* Project object */;
			proxyType = 1;
			remoteGlobalIDString = 59448BF4D585F08E4351D27A;
			remoteInfo = MingyHUD;
		};

/* End PBXContainerItemProxy section */

/* Begin PBXFileReference section */
		0B03DEF58EB797856C58357E /* QuoteService.swift */ = {isa = PBXFileReference; lastKnownFileType = sourcecode.swift; path = QuoteService.swift; sourceTree = "<group>"; };
		27DCF7E08C464A0588B99499 /* bear-growl.wav */ = {isa = PBXFileReference; lastKnownFileType = audio.wav; path = "bear-growl.wav"; sourceTree = "<group>"; };


		387D1719C7550FDF7A326367 /* StockRowView.swift */ = {isa = PBXFileReference; lastKnownFileType = sourcecode.swift; path = StockRowView.swift; sourceTree = "<group>"; };
		42C7B2E12C206317F13E33AB /* SettingsView.swift */ = {isa = PBXFileReference; lastKnownFileType = sourcecode.swift; path = SettingsView.swift; sourceTree = "<group>"; };
		42DD66D82AA68E5D9EC4A058 /* MascotAlertView.swift */ = {isa = PBXFileReference; lastKnownFileType = sourcecode.swift; path = MascotAlertView.swift; sourceTree = "<group>"; };
		4669FABCC327162CF506FD8B /* L10n.swift */ = {isa = PBXFileReference; lastKnownFileType = sourcecode.swift; path = L10n.swift; sourceTree = "<group>"; };
		4969C92FC959B479C72836FC /* Assets.xcassets */ = {isa = PBXFileReference; lastKnownFileType = folder.assetcatalog; path = Assets.xcassets; sourceTree = "<group>"; };
		643CC492EC969812FD112505 /* StockStore.swift */ = {isa = PBXFileReference; lastKnownFileType = sourcecode.swift; path = StockStore.swift; sourceTree = "<group>"; };
		83F5CCCE8736F7199FAD9B5E /* StockPetApp.swift */ = {isa = PBXFileReference; lastKnownFileType = sourcecode.swift; path = StockPetApp.swift; sourceTree = "<group>"; };
		85FEAAF6B2924B4261419804 /* StockModels.swift */ = {isa = PBXFileReference; lastKnownFileType = sourcecode.swift; path = StockModels.swift; sourceTree = "<group>"; };
		A1124137716B1A76226A5891 /* bull-moo.wav */ = {isa = PBXFileReference; lastKnownFileType = audio.wav; path = "bull-moo.wav"; sourceTree = "<group>"; };


		B1EE4D069413303C0D0944C1 /* GlobalHotKeyController.swift */ = {isa = PBXFileReference; lastKnownFileType = sourcecode.swift; path = GlobalHotKeyController.swift; sourceTree = "<group>"; };

		B7251931FC200100A7DC8611 /* README.md */ = {isa = PBXFileReference; lastKnownFileType = net.daringfireball.markdown; path = README.md; sourceTree = "<group>"; };
		CC38FE3FE92F5301E5A91463 /* StockPetTests.xctest */ = {isa = PBXFileReference; explicitFileType = wrapper.cfbundle; includeInIndex = 0; path = StockPetTests.xctest; sourceTree = BUILT_PRODUCTS_DIR; };
		CCFEA7E0FF66798B70C4756D /* StockPetTests.swift */ = {isa = PBXFileReference; lastKnownFileType = sourcecode.swift; path = StockPetTests.swift; sourceTree = "<group>"; };
		D023907729A86A626525A005 /* FloatingPetView.swift */ = {isa = PBXFileReference; lastKnownFileType = sourcecode.swift; path = FloatingPetView.swift; sourceTree = "<group>"; };
		D473D6C8AC3210FC0A30A8F7 /* MingyHUD.app */ = {isa = PBXFileReference; explicitFileType = wrapper.application; includeInIndex = 0; path = MingyHUD.app; sourceTree = BUILT_PRODUCTS_DIR; };
		FEE91BAA216640B55B058D80 /* WindowConfigurator.swift */ = {isa = PBXFileReference; lastKnownFileType = sourcecode.swift; path = WindowConfigurator.swift; sourceTree = "<group>"; };
/* End PBXFileReference section */

/* Begin PBXGroup section */


		36BC2FBE732FC8DC8DA00437 /* Resources */ = {
			isa = PBXGroup;
			children = (
				4969C92FC959B479C72836FC /* Assets.xcassets */,
				A618CFB47EEDD896404AD7F3 /* Sounds */,
			);
			path = Resources;
			sourceTree = "<group>";
		};
		48C36B3E65DDC3328479E368 /* Products */ = {
			isa = PBXGroup;
			children = (
				D473D6C8AC3210FC0A30A8F7 /* MingyHUD.app */,
				CC38FE3FE92F5301E5A91463 /* StockPetTests.xctest */,
			);
			name = Products;
			sourceTree = "<group>";
		};
		8194A5BD0A8F605EA5631062 /* Views */ = {
			isa = PBXGroup;
			children = (
				D023907729A86A626525A005 /* FloatingPetView.swift */,
				42DD66D82AA68E5D9EC4A058 /* MascotAlertView.swift */,
				42C7B2E12C206317F13E33AB /* SettingsView.swift */,
				387D1719C7550FDF7A326367 /* StockRowView.swift */,
			);
			path = Views;
			sourceTree = "<group>";
		};
		84E9B4E7BD501F98F60CA55F /* Services */ = {
			isa = PBXGroup;
			children = (
				0B03DEF58EB797856C58357E /* QuoteService.swift */,
			);
			path = Services;
			sourceTree = "<group>";
		};

		974008DF1361D23E72E89DD8 /* App */ = {
			isa = PBXGroup;
			children = (
				B1EE4D069413303C0D0944C1 /* GlobalHotKeyController.swift */,
				83F5CCCE8736F7199FAD9B5E /* StockPetApp.swift */,
				FEE91BAA216640B55B058D80 /* WindowConfigurator.swift */,
			);
			path = App;
			sourceTree = "<group>";
		};
		A2138BFFFF17177BCF596845 /* StockPetTests */ = {
			isa = PBXGroup;
			children = (
				CCFEA7E0FF66798B70C4756D /* StockPetTests.swift */,
			);
			path = StockPetTests;
			sourceTree = "<group>";
		};
		A618CFB47EEDD896404AD7F3 /* Sounds */ = {
			isa = PBXGroup;
			children = (
				27DCF7E08C464A0588B99499 /* bear-growl.wav */,
				A1124137716B1A76226A5891 /* bull-moo.wav */,
				B7251931FC200100A7DC8611 /* README.md */,
			);
			path = Sounds;
			sourceTree = "<group>";
		};
		BA62C3AE5558E037D64C2206 /* MingyHUD */ = {
			isa = PBXGroup;
			children = (
				974008DF1361D23E72E89DD8 /* App */,
				DB8E00356A2A807FA82DBF5A /* Models */,
				36BC2FBE732FC8DC8DA00437 /* Resources */,
				84E9B4E7BD501F98F60CA55F /* Services */,
				CD020836579399D770600B4B /* Stores */,
				8194A5BD0A8F605EA5631062 /* Views */,
			);
			path = StockPet;
			sourceTree = "<group>";
		};
		CD020836579399D770600B4B /* Stores */ = {
			isa = PBXGroup;
			children = (
				643CC492EC969812FD112505 /* StockStore.swift */,
			);
			path = Stores;
			sourceTree = "<group>";
		};
		DB8E00356A2A807FA82DBF5A /* Models */ = {
			isa = PBXGroup;
			children = (
				4669FABCC327162CF506FD8B /* L10n.swift */,
				85FEAAF6B2924B4261419804 /* StockModels.swift */,
			);
			path = Models;
			sourceTree = "<group>";
		};
		F1A3122C5516AB4FE1CA0508 = {
			isa = PBXGroup;
			children = (
				BA62C3AE5558E037D64C2206 /* MingyHUD */,
				A2138BFFFF17177BCF596845 /* StockPetTests */,
				48C36B3E65DDC3328479E368 /* Products */,
			);
			sourceTree = "<group>";
		};
/* End PBXGroup section */

/* Begin PBXNativeTarget section */

		59448BF4D585F08E4351D27A /* MingyHUD */ = {
			isa = PBXNativeTarget;
			buildConfigurationList = C532DB3065313307907EF1AA /* Build configuration list for PBXNativeTarget "MingyHUD" */;
			buildPhases = (
				C87D27F2312B85731B24CC5B /* Sources */,
				B3B8B5DCFD6F66FBF4C40A0D /* Resources */,
			);
			buildRules = (
			);
			dependencies = (
			);
			name = MingyHUD;
			packageProductDependencies = (
			);
			productName = MingyHUD;
			productReference = D473D6C8AC3210FC0A30A8F7 /* MingyHUD.app */;
			productType = "com.apple.product-type.application";
		};
		B6E354189E76AF8A94DBBBC2 /* StockPetTests */ = {
			isa = PBXNativeTarget;
			buildConfigurationList = C68E02FC50AC6ABAB3FD64AC /* Build configuration list for PBXNativeTarget "StockPetTests" */;
			buildPhases = (
				515DB52E417C0DD3B63745B1 /* Sources */,
			);
			buildRules = (
			);
			dependencies = (
				A43F744664483DCABA7179D8 /* PBXTargetDependency */,
			);
			name = StockPetTests;
			packageProductDependencies = (
			);
			productName = StockPetTests;
			productReference = CC38FE3FE92F5301E5A91463 /* StockPetTests.xctest */;
			productType = "com.apple.product-type.bundle.unit-test";
		};

/* End PBXNativeTarget section */

/* Begin PBXProject section */
		1FBC4EFD17FBC082D81CF501 /* Project object */ = {
			isa = PBXProject;
			attributes = {
				BuildIndependentTargetsInParallel = YES;
				LastUpgradeCheck = 1600;
				TargetAttributes = {
					59448BF4D585F08E4351D27A = {
						ProvisioningStyle = Automatic;
					};
					B6E354189E76AF8A94DBBBC2 = {
						ProvisioningStyle = Automatic;
					};
				};
			};
			buildConfigurationList = 2CFDD26B10164C3B0193D014 /* Build configuration list for PBXProject "MingyHUD" */;
			developmentRegion = zh-Hans;
			hasScannedForEncodings = 0;
			knownRegions = (
				Base,
				"zh-Hans",
			);
			mainGroup = F1A3122C5516AB4FE1CA0508;
			minimizedProjectReferenceProxies = 1;
			preferredProjectObjectVersion = 77;
			productRefGroup = 48C36B3E65DDC3328479E368 /* Products */;
			projectDirPath = "";
			projectRoot = "";
			targets = (
				59448BF4D585F08E4351D27A /* MingyHUD */,
				B6E354189E76AF8A94DBBBC2 /* StockPetTests */,
			);
		};
/* End PBXProject section */

/* Begin PBXResourcesBuildPhase section */

		B3B8B5DCFD6F66FBF4C40A0D /* Resources */ = {
			isa = PBXResourcesBuildPhase;
			buildActionMask = 2147483647;
			files = (
				ABC2DC299365DB3DDADF33D0 /* Assets.xcassets in Resources */,
				C0F466A0FCD7468B31139CAB /* README.md in Resources */,
				C46998FC2DD00ABE3BEA9F35 /* bear-growl.wav in Resources */,
				AA075524EDFEB9532289BA44 /* bull-moo.wav in Resources */,
			);
			runOnlyForDeploymentPostprocessing = 0;
		};
/* End PBXResourcesBuildPhase section */

/* Begin PBXSourcesBuildPhase section */


		515DB52E417C0DD3B63745B1 /* Sources */ = {
			isa = PBXSourcesBuildPhase;
			buildActionMask = 2147483647;
			files = (
				823A84688E637D9EB75F73FD /* StockPetTests.swift in Sources */,
			);
			runOnlyForDeploymentPostprocessing = 0;
		};
		C87D27F2312B85731B24CC5B /* Sources */ = {
			isa = PBXSourcesBuildPhase;
			buildActionMask = 2147483647;
			files = (
				652C7193EE90D4D4DBAA840D /* FloatingPetView.swift in Sources */,
				2FB8C424A27402978773D729 /* GlobalHotKeyController.swift in Sources */,
				EEE3A6002562F31675FBE5AD /* L10n.swift in Sources */,
				0F5BD1129F006C6C6AEEF66B /* MascotAlertView.swift in Sources */,
				D982A70987A81016114C6540 /* QuoteService.swift in Sources */,
				7F733F6EE5DD2DF7DE6EC1E5 /* SettingsView.swift in Sources */,
				1FBF3F771EBFD225188C490B /* StockModels.swift in Sources */,
				09929F2A48E5811F1CE58DE5 /* StockPetApp.swift in Sources */,
				8CE722319ED89A59D7B785B4 /* StockRowView.swift in Sources */,
				0B631D1A21FB811752B03BB1 /* StockStore.swift in Sources */,
				8A550FA39E6E074F0465E0A3 /* WindowConfigurator.swift in Sources */,
			);
			runOnlyForDeploymentPostprocessing = 0;
		};
/* End PBXSourcesBuildPhase section */

/* Begin PBXTargetDependency section */

		A43F744664483DCABA7179D8 /* PBXTargetDependency */ = {
			isa = PBXTargetDependency;
			target = 59448BF4D585F08E4351D27A /* MingyHUD */;
			targetProxy = 2177C262A4F264D78262A289 /* PBXContainerItemProxy */;
		};
/* End PBXTargetDependency section */

/* Begin PBXVariantGroup section */


/* End PBXVariantGroup section */

/* Begin XCBuildConfiguration section */
		4B64445ECE078486B1AD694B /* Release */ = {
			isa = XCBuildConfiguration;
			buildSettings = {
				BUNDLE_LOADER = "$(TEST_HOST)";
				COMBINE_HIDPI_IMAGES = YES;
				GENERATE_INFOPLIST_FILE = YES;
				LD_RUNPATH_SEARCH_PATHS = (
					"$(inherited)",
					"@executable_path/../Frameworks",
					"@loader_path/../Frameworks",
				);
				PRODUCT_BUNDLE_IDENTIFIER = com.mingyhud.StockPetTests;
				SDKROOT = macosx;
				TEST_HOST = "$(BUILT_PRODUCTS_DIR)/MingyHUD.app/Contents/MacOS/MingyHUD";
			};
			name = Release;
		};

		62B3D40AAEAEF738045ECF5C /* Release */ = {
			isa = XCBuildConfiguration;
			buildSettings = {
				ASSETCATALOG_COMPILER_APPICON_NAME = AppIcon;
				COMBINE_HIDPI_IMAGES = YES;
				GENERATE_INFOPLIST_FILE = YES;
				INFOPLIST_KEY_CFBundleDevelopmentRegion = zh_CN;
				INFOPLIST_KEY_CFBundleDisplayName = MingyHUD;
				INFOPLIST_KEY_LSUIElement = YES;
				INFOPLIST_KEY_NSHighResolutionCapable = YES;
				INFOPLIST_KEY_NSHumanReadableCopyright = "仅供个人辅助查看，不构成投资建议";
				LD_RUNPATH_SEARCH_PATHS = (
					"$(inherited)",
					"@executable_path/../Frameworks",
				);
				PRODUCT_BUNDLE_IDENTIFIER = com.mingyhud.app;
				PRODUCT_NAME = MingyHUD;
				SDKROOT = macosx;
			};
			name = Release;
		};

		76045BE434CE7737D6221120 /* Debug */ = {
			isa = XCBuildConfiguration;
			buildSettings = {
				BUNDLE_LOADER = "$(TEST_HOST)";
				COMBINE_HIDPI_IMAGES = YES;
				GENERATE_INFOPLIST_FILE = YES;
				LD_RUNPATH_SEARCH_PATHS = (
					"$(inherited)",
					"@executable_path/../Frameworks",
					"@loader_path/../Frameworks",
				);
				PRODUCT_BUNDLE_IDENTIFIER = com.mingyhud.StockPetTests;
				SDKROOT = macosx;
				TEST_HOST = "$(BUILT_PRODUCTS_DIR)/MingyHUD.app/Contents/MacOS/MingyHUD";
			};
			name = Debug;
		};

		8CEC80231B05C17F5BD97F81 /* Debug */ = {
			isa = XCBuildConfiguration;
			buildSettings = {
				ASSETCATALOG_COMPILER_APPICON_NAME = AppIcon;
				COMBINE_HIDPI_IMAGES = YES;
				GENERATE_INFOPLIST_FILE = YES;
				INFOPLIST_KEY_CFBundleDevelopmentRegion = zh_CN;
				INFOPLIST_KEY_CFBundleDisplayName = MingyHUD;
				INFOPLIST_KEY_LSUIElement = YES;
				INFOPLIST_KEY_NSHighResolutionCapable = YES;
				INFOPLIST_KEY_NSHumanReadableCopyright = "仅供个人辅助查看，不构成投资建议";
				LD_RUNPATH_SEARCH_PATHS = (
					"$(inherited)",
					"@executable_path/../Frameworks",
				);
				PRODUCT_BUNDLE_IDENTIFIER = com.mingyhud.app;
				PRODUCT_NAME = MingyHUD;
				SDKROOT = macosx;
			};
			name = Debug;
		};
		BA1FD30E26024BF2CF1D5788 /* Release */ = {
			isa = XCBuildConfiguration;
			buildSettings = {
				ALWAYS_SEARCH_USER_PATHS = NO;
				CLANG_ANALYZER_NONNULL = YES;
				CLANG_ANALYZER_NUMBER_OBJECT_CONVERSION = YES_AGGRESSIVE;
				CLANG_CXX_LANGUAGE_STANDARD = "gnu++14";
				CLANG_CXX_LIBRARY = "libc++";
				CLANG_ENABLE_MODULES = YES;
				CLANG_ENABLE_OBJC_ARC = YES;
				CLANG_ENABLE_OBJC_WEAK = YES;
				CLANG_WARN_BLOCK_CAPTURE_AUTORELEASING = YES;
				CLANG_WARN_BOOL_CONVERSION = YES;
				CLANG_WARN_COMMA = YES;
				CLANG_WARN_CONSTANT_CONVERSION = YES;
				CLANG_WARN_DEPRECATED_OBJC_IMPLEMENTATIONS = YES;
				CLANG_WARN_DIRECT_OBJC_ISA_USAGE = YES_ERROR;
				CLANG_WARN_DOCUMENTATION_COMMENTS = YES;
				CLANG_WARN_EMPTY_BODY = YES;
				CLANG_WARN_ENUM_CONVERSION = YES;
				CLANG_WARN_INFINITE_RECURSION = YES;
				CLANG_WARN_INT_CONVERSION = YES;
				CLANG_WARN_NON_LITERAL_NULL_CONVERSION = YES;
				CLANG_WARN_OBJC_IMPLICIT_RETAIN_SELF = YES;
				CLANG_WARN_OBJC_LITERAL_CONVERSION = YES;
				CLANG_WARN_OBJC_ROOT_CLASS = YES_ERROR;
				CLANG_WARN_QUOTED_INCLUDE_IN_FRAMEWORK_HEADER = YES;
				CLANG_WARN_RANGE_LOOP_ANALYSIS = YES;
				CLANG_WARN_STRICT_PROTOTYPES = YES;
				CLANG_WARN_SUSPICIOUS_MOVE = YES;
				CLANG_WARN_UNGUARDED_AVAILABILITY = YES_AGGRESSIVE;
				CLANG_WARN_UNREACHABLE_CODE = YES;
				CLANG_WARN__DUPLICATE_METHOD_MATCH = YES;
				CODE_SIGN_STYLE = Automatic;
				COPY_PHASE_STRIP = NO;
				CURRENT_PROJECT_VERSION = 4;
				DEBUG_INFORMATION_FORMAT = "dwarf-with-dsym";
				ENABLE_NS_ASSERTIONS = NO;
				ENABLE_STRICT_OBJC_MSGSEND = YES;
				GCC_C_LANGUAGE_STANDARD = gnu11;
				GCC_NO_COMMON_BLOCKS = YES;
				GCC_WARN_64_TO_32_BIT_CONVERSION = YES;
				GCC_WARN_ABOUT_RETURN_TYPE = YES_ERROR;
				GCC_WARN_UNDECLARED_SELECTOR = YES;
				GCC_WARN_UNINITIALIZED_AUTOS = YES_AGGRESSIVE;
				GCC_WARN_UNUSED_FUNCTION = YES;
				GCC_WARN_UNUSED_VARIABLE = YES;
				MACOSX_DEPLOYMENT_TARGET = 14.0;
				MARKETING_VERSION = 0.3.0;
				MTL_ENABLE_DEBUG_INFO = NO;
				MTL_FAST_MATH = YES;
				PRODUCT_NAME = "$(TARGET_NAME)";
				SDKROOT = macosx;
				SWIFT_COMPILATION_MODE = wholemodule;
				SWIFT_OPTIMIZATION_LEVEL = "-O";
				SWIFT_VERSION = 5.0;
			};
			name = Release;
		};
		E0C23FE32EFF2AB7B3834E2A /* Debug */ = {
			isa = XCBuildConfiguration;
			buildSettings = {
				ALWAYS_SEARCH_USER_PATHS = NO;
				CLANG_ANALYZER_NONNULL = YES;
				CLANG_ANALYZER_NUMBER_OBJECT_CONVERSION = YES_AGGRESSIVE;
				CLANG_CXX_LANGUAGE_STANDARD = "gnu++14";
				CLANG_CXX_LIBRARY = "libc++";
				CLANG_ENABLE_MODULES = YES;
				CLANG_ENABLE_OBJC_ARC = YES;
				CLANG_ENABLE_OBJC_WEAK = YES;
				CLANG_WARN_BLOCK_CAPTURE_AUTORELEASING = YES;
				CLANG_WARN_BOOL_CONVERSION = YES;
				CLANG_WARN_COMMA = YES;
				CLANG_WARN_CONSTANT_CONVERSION = YES;
				CLANG_WARN_DEPRECATED_OBJC_IMPLEMENTATIONS = YES;
				CLANG_WARN_DIRECT_OBJC_ISA_USAGE = YES_ERROR;
				CLANG_WARN_DOCUMENTATION_COMMENTS = YES;
				CLANG_WARN_EMPTY_BODY = YES;
				CLANG_WARN_ENUM_CONVERSION = YES;
				CLANG_WARN_INFINITE_RECURSION = YES;
				CLANG_WARN_INT_CONVERSION = YES;
				CLANG_WARN_NON_LITERAL_NULL_CONVERSION = YES;
				CLANG_WARN_OBJC_IMPLICIT_RETAIN_SELF = YES;
				CLANG_WARN_OBJC_LITERAL_CONVERSION = YES;
				CLANG_WARN_OBJC_ROOT_CLASS = YES_ERROR;
				CLANG_WARN_QUOTED_INCLUDE_IN_FRAMEWORK_HEADER = YES;
				CLANG_WARN_RANGE_LOOP_ANALYSIS = YES;
				CLANG_WARN_STRICT_PROTOTYPES = YES;
				CLANG_WARN_SUSPICIOUS_MOVE = YES;
				CLANG_WARN_UNGUARDED_AVAILABILITY = YES_AGGRESSIVE;
				CLANG_WARN_UNREACHABLE_CODE = YES;
				CLANG_WARN__DUPLICATE_METHOD_MATCH = YES;
				CODE_SIGN_STYLE = Automatic;
				COPY_PHASE_STRIP = NO;
				CURRENT_PROJECT_VERSION = 4;
				DEBUG_INFORMATION_FORMAT = dwarf;
				ENABLE_STRICT_OBJC_MSGSEND = YES;
				ENABLE_TESTABILITY = YES;
				GCC_C_LANGUAGE_STANDARD = gnu11;
				GCC_DYNAMIC_NO_PIC = NO;
				GCC_NO_COMMON_BLOCKS = YES;
				GCC_OPTIMIZATION_LEVEL = 0;
				GCC_PREPROCESSOR_DEFINITIONS = (
					"$(inherited)",
					"DEBUG=1",
				);
				GCC_WARN_64_TO_32_BIT_CONVERSION = YES;
				GCC_WARN_ABOUT_RETURN_TYPE = YES_ERROR;
				GCC_WARN_UNDECLARED_SELECTOR = YES;
				GCC_WARN_UNINITIALIZED_AUTOS = YES_AGGRESSIVE;
				GCC_WARN_UNUSED_FUNCTION = YES;
				GCC_WARN_UNUSED_VARIABLE = YES;
				MACOSX_DEPLOYMENT_TARGET = 14.0;
				MARKETING_VERSION = 0.3.0;
				MTL_ENABLE_DEBUG_INFO = INCLUDE_SOURCE;
				MTL_FAST_MATH = YES;
				ONLY_ACTIVE_ARCH = YES;
				PRODUCT_NAME = "$(TARGET_NAME)";
				SDKROOT = macosx;
				SWIFT_ACTIVE_COMPILATION_CONDITIONS = DEBUG;
				SWIFT_OPTIMIZATION_LEVEL = "-Onone";
				SWIFT_VERSION = 5.0;
			};
			name = Debug;
		};

/* End XCBuildConfiguration section */

/* Begin XCConfigurationList section */

		2CFDD26B10164C3B0193D014 /* Build configuration list for PBXProject "MingyHUD" */ = {
			isa = XCConfigurationList;
			buildConfigurations = (
				E0C23FE32EFF2AB7B3834E2A /* Debug */,
				BA1FD30E26024BF2CF1D5788 /* Release */,
			);
			defaultConfigurationIsVisible = 0;
			defaultConfigurationName = Debug;
		};

		C532DB3065313307907EF1AA /* Build configuration list for PBXNativeTarget "MingyHUD" */ = {
			isa = XCConfigurationList;
			buildConfigurations = (
				8CEC80231B05C17F5BD97F81 /* Debug */,
				62B3D40AAEAEF738045ECF5C /* Release */,
			);
			defaultConfigurationIsVisible = 0;
			defaultConfigurationName = Debug;
		};
		C68E02FC50AC6ABAB3FD64AC /* Build configuration list for PBXNativeTarget "StockPetTests" */ = {
			isa = XCConfigurationList;
			buildConfigurations = (
				76045BE434CE7737D6221120 /* Debug */,
				4B64445ECE078486B1AD694B /* Release */,
			);
			defaultConfigurationIsVisible = 0;
			defaultConfigurationName = Debug;
		};
/* End XCConfigurationList section */
	};
	rootObject = 1FBC4EFD17FBC082D81CF501 /* Project object */;
}
